{
  "name": "aod2024",
  "version": "1.0.0",
  "lockfileVersion": 3,
  "requires": true,
  "packages": {
    "": {
      "name": "aod2024",
      "version": "1.0.0",
      "license": "MIT",
      "dependencies": {
        "dusa": "^0.1.6"
      }
    },
    "node_modules/dusa": {
      "version": "0.1.6",
      "resolved": "https://registry.npmjs.org/dusa/-/dusa-0.1.6.tgz",
      "integrity": "sha512-NFoUcKL9xYpg4OseOPiOdftmjKUROY7OKjl7quoiGtN6IBUMxkM+qNdZKO+I/Ywh49NArVoeKmzzrW+yG9QOAg==",
      "license": "GPL-3.0-only",
      "bin": {
        "dusa": "dusa"
      }
    }
  }
}
